// !$*UTF8*$!
{
	archiveVersion = 1;
	classes = {
	};
	objectVersion = 51;
	objects = {

/* Begin PBXBuildFile section */
		28618AC392F5CE0531A95B47 /* Pods_Instagram_InstagramUITests.framework in Frameworks */ = {isa = PBXBuildFile; fileRef = E5A5D90F990AA7DECD21E7E2 /* Pods_Instagram_InstagramUITests.framework */; };
		8A48D280A84E4170EAA8364F /* Pods_InstagramTests.framework in Frameworks */ = {isa = PBXBuildFile; fileRef = E53F862AA1C38728B8F33C6A /* Pods_InstagramTests.framework */; };
		C6249AE852690F9BB903E585 /* Pods_Instagram.framework in Frameworks */ = {isa = PBXBuildFile; fileRef = 5AEE7EEC30EA3D0DD30F95E2 /* Pods_Instagram.framework */; };
		F8107C9F255067A40035DF0C /* commentCell.swift in Sources */ = {isa = PBXBuildFile; fileRef = F8107C9E255067A40035DF0C /* commentCell.swift */; };
		F81ACA132543F68F00412D44 /* CameraViewController.swift in Sources */ = {isa = PBXBuildFile; fileRef = F81ACA122543F68F00412D44 /* CameraViewController.swift */; };
		F837A20E2544755D00D4CF9C /* PostCell.swift in Sources */ = {isa = PBXBuildFile; fileRef = F837A20D2544755D00D4CF9C /* PostCell.swift */; };
		F89594C825422F46009D6D42 /* AppDelegate.swift in Sources */ = {isa = PBXBuildFile; fileRef = F89594C725422F46009D6D42 /* AppDelegate.swift */; };
		F89594CA25422F46009D6D42 /* SceneDelegate.swift in Sources */ = {isa = PBXBuildFile; fileRef = F89594C925422F46009D6D42 /* SceneDelegate.swift */; };
		F89594CF25422F46009D6D42 /* Main.storyboard in Resources */ = {isa = PBXBuildFile; fileRef = F89594CD25422F46009D6D42 /* Main.storyboard */; };
		F89594D125422F48009D6D42 /* Assets.xcassets in Resources */ = {isa = PBXBuildFile; fileRef = F89594D025422F48009D6D42 /* Assets.xcassets */; };
		F89594D425422F48009D6D42 /* LaunchScreen.storyboard in Resources */ = {isa = PBXBuildFile; fileRef = F89594D225422F48009D6D42 /* LaunchScreen.storyboard */; };
		F89594DF25422F48009D6D42 /* InstagramTests.swift in Sources */ = {isa = PBXBuildFile; fileRef = F89594DE25422F48009D6D42 /* InstagramTests.swift */; };
		F89594EA25422F48009D6D42 /* InstagramUITests.swift in Sources */ = {isa = PBXBuildFile; fileRef = F89594E925422F48009D6D42 /* InstagramUITests.swift */; };
		F895950A25424ACB009D6D42 /* LoginViewController.swift in Sources */ = {isa = PBXBuildFile; fileRef = F895950925424ACB009D6D42 /* LoginViewController.swift */; };
		F895950F25424AE0009D6D42 /* FeedViewController.swift in Sources */ = {isa = PBXBuildFile; fileRef = F895950E25424AE0009D6D42 /* FeedViewController.swift */; };
/* End PBXBuildFile section */

/* Begin PBXContainerItemProxy section */
		F89594DB25422F48009D6D42 /* PBXContainerItemProxy */ = {
			isa = PBXContainerItemProxy;
			containerPortal = F89594BC25422F46009D6D42 /* Project object */;
			proxyType = 1;
			remoteGlobalIDString = F89594C325422F46009D6D42;
			remoteInfo = Instagram;
		};
		F89594E625422F48009D6D42 /* PBXContainerItemProxy */ = {
			isa = PBXContainerItemProxy;
			containerPortal = F89594BC25422F46009D6D42 /* Project object */;
			proxyType = 1;
			remoteGlobalIDString = F89594C325422F46009D6D42;
			remoteInfo = Instagram;
		};
/* End PBXContainerItemProxy section */

/* Begin PBXFileReference section */
		5AEE7EEC30EA3D0DD30F95E2 /* Pods_Instagram.framework */ = {isa = PBXFileReference; explicitFileType = wrapper.framework; includeInIndex = 0; path = Pods_Instagram.framework; sourceTree = BUILT_PRODUCTS_DIR; };
		69584E128C58A8B71B0F547C /* Pods-Instagram.debug.xcconfig */ = {isa = PBXFileReference; includeInIndex = 1; lastKnownFileType = text.xcconfig; name = "Pods-Instagram.debug.xcconfig"; path = "Target Support Files/Pods-Instagram/Pods-Instagram.debug.xcconfig"; sourceTree = "<group>"; };
		74ACE113F4337D98083E065E /* Pods-Instagram.release.xcconfig */ = {isa = PBXFileReference; includeInIndex = 1; lastKnownFileType = text.xcconfig; name = "Pods-Instagram.release.xcconfig"; path = "Target Support Files/Pods-Instagram/Pods-Instagram.release.xcconfig"; sourceTree = "<group>"; };
		88BDF792E5C7B351A789840C /* Pods-Instagram-InstagramUITests.release.xcconfig */ = {isa = PBXFileReference; includeInIndex = 1; lastKnownFileType = text.xcconfig; name = "Pods-Instagram-InstagramUITests.release.xcconfig"; path = "Target Support Files/Pods-Instagram-InstagramUITests/Pods-Instagram-InstagramUITests.release.xcconfig"; sourceTree = "<group>"; };
		9107FB49E8A6CF838F67F145 /* Pods-InstagramTests.release.xcconfig */ = {isa = PBXFileReference; includeInIndex = 1; lastKnownFileType = text.xcconfig; name = "Pods-InstagramTests.release.xcconfig"; path = "Target Support Files/Pods-InstagramTests/Pods-InstagramTests.release.xcconfig"; sourceTree = "<group>"; };
		C737A4666314229BA76B4CBA /* Pods-Instagram-InstagramUITests.debug.xcconfig */ = {isa = PBXFileReference; includeInIndex = 1; lastKnownFileType = text.xcconfig; name = "Pods-Instagram-InstagramUITests.debug.xcconfig"; path = "Target Support Files/Pods-Instagram-InstagramUITests/Pods-Instagram-InstagramUITests.debug.xcconfig"; sourceTree = "<group>"; };
		DB0F597ED28634430D9C273D /* Pods-InstagramTests.debug.xcconfig */ = {isa = PBXFileReference; includeInIndex = 1; lastKnownFileType = text.xcconfig; name = "Pods-InstagramTests.debug.xcconfig"; path = "Target Support Files/Pods-InstagramTests/Pods-InstagramTests.debug.xcconfig"; sourceTree = "<group>"; };
		E53F862AA1C38728B8F33C6A /* Pods_InstagramTests.framework */ = {isa = PBXFileReference; explicitFileType = wrapper.framework; includeInIndex = 0; path = Pods_InstagramTests.framework; sourceTree = BUILT_PRODUCTS_DIR; };
		E5A5D90F990AA7DECD21E7E2 /* Pods_Instagram_InstagramUITests.framework */ = {isa = PBXFileReference; explicitFileType = wrapper.framework; includeInIndex = 0; path = Pods_Instagram_InstagramUITests.framework; sourceTree = BUILT_PRODUCTS_DIR; };
		F8107C9E255067A40035DF0C /* commentCell.swift */ = {isa = PBXFileReference; lastKnownFileType = sourcecode.swift; path = commentCell.swift; sourceTree = "<group>"; };
		F81ACA122543F68F00412D44 /* CameraViewController.swift */ = {isa = PBXFileReference; lastKnownFileType = sourcecode.swift; path = CameraViewController.swift; sourceTree = "<group>"; };
		F837A20D2544755D00D4CF9C /* PostCell.swift */ = {isa = PBXFileReference; lastKnownFileType = sourcecode.swift; path = PostCell.swift; sourceTree = "<group>"; };
		F89594C425422F46009D6D42 /* Instagram.app */ = {isa = PBXFileReference; explicitFileType = wrapper.application; includeInIndex = 0; path = Instagram.app; sourceTree = BUILT_PRODUCTS_DIR; };
		F89594C725422F46009D6D42 /* AppDelegate.swift */ = {isa = PBXFileReference; lastKnownFileType = sourcecode.swift; path = AppDelegate.swift; sourceTree = "<group>"; };
		F89594C925422F46009D6D42 /* SceneDelegate.swift */ = {isa = PBXFileReference; lastKnownFileType = sourcecode.swift; path = SceneDelegate.swift; sourceTree = "<group>"; };
		F89594CE25422F46009D6D42 /* Base */ = {isa = PBXFileReference; lastKnownFileType = file.storyboard; name = Base; path = Base.lproj/Main.storyboard; sourceTree = "<group>"; };
		F89594D025422F48009D6D42 /* Assets.xcassets */ = {isa = PBXFileReference; lastKnownFileType = folder.assetcatalog; path = Assets.xcassets; sourceTree = "<group>"; };
		F89594D325422F48009D6D42 /* Base */ = {isa = PBXFileReference; lastKnownFileType = file.storyboard; name = Base; path = Base.lproj/LaunchScreen.storyboard; sourceTree = "<group>"; };
		F89594D525422F48009D6D42 /* Info.plist */ = {isa = PBXFileReference; lastKnownFileType = text.plist.xml; path = Info.plist; sourceTree = "<group>"; };
		F89594DA25422F48009D6D42 /* InstagramTests.xctest */ = {isa = PBXFileReference; explicitFileType = wrapper.cfbundle; includeInIndex = 0; path = InstagramTests.xctest; sourceTree = BUILT_PRODUCTS_DIR; };
		F89594DE25422F48009D6D42 /* InstagramTests.swift */ = {isa = PBXFileReference; lastKnownFileType = sourcecode.swift; path = InstagramTests.swift; sourceTree = "<group>"; };
		F89594E025422F48009D6D42 /* Info.plist */ = {isa = PBXFileReference; lastKnownFileType = text.plist.xml; path = Info.plist; sourceTree = "<group>"; };
		F89594E525422F48009D6D42 /* InstagramUITests.xctest */ = {isa = PBXFileReference; explicitFileType = wrapper.cfbundle; includeInIndex = 0; path = InstagramUITests.xctest; sourceTree = BUILT_PRODUCTS_DIR; };
		F89594E925422F48009D6D42 /* InstagramUITests.swift */ = {isa = PBXFileReference; lastKnownFileType = sourcecode.swift; path = InstagramUITests.swift; sourceTree = "<group>"; };
		F89594EB25422F48009D6D42 /* Info.plist */ = {isa = PBXFileReference; lastKnownFileType = text.plist.xml; path = Info.plist; sourceTree = "<group>"; };
		F895950925424ACB009D6D42 /* LoginViewController.swift */ = {isa = PBXFileReference; lastKnownFileType = sourcecode.swift; path = LoginViewController.swift; sourceTree = "<group>"; };
		F895950E25424AE0009D6D42 /* FeedViewController.swift */ = {isa = PBXFileReference; lastKnownFileType = sourcecode.swift; path = FeedViewController.swift; sourceTree = "<group>"; };
/* End PBXFileReference section */

/* Begin PBXFrameworksBuildPhase section */
		F89594C125422F46009D6D42 /* Frameworks */ = {
			isa = PBXFrameworksBuildPhase;
			buildActionMask = 2147483647;
			files = (
				C6249AE852690F9BB903E585 /* Pods_Instagram.framework in Frameworks */,
			);
			runOnlyForDeploymentPostprocessing = 0;
		};
		F89594D725422F48009D6D42 /* Frameworks */ = {
			isa = PBXFrameworksBuildPhase;
			buildActionMask = 2147483647;
			files = (
				8A48D280A84E4170EAA8364F /* Pods_InstagramTests.framework in Frameworks */,
			);
			runOnlyForDeploymentPostprocessing = 0;
		};
		F89594E225422F48009D6D42 /* Frameworks */ = {
			isa = PBXFrameworksBuildPhase;
			buildActionMask = 2147483647;
			files = (
				28618AC392F5CE0531A95B47 /* Pods_Instagram_InstagramUITests.framework in Frameworks */,
			);
			runOnlyForDeploymentPostprocessing = 0;
		};
/* End PBXFrameworksBuildPhase section */

/* Begin PBXGroup section */
		9FB8D9FB69EEED9B5DC7A7C0 /* Frameworks */ = {
			isa = PBXGroup;
			children = (
				5AEE7EEC30EA3D0DD30F95E2 /* Pods_Instagram.framework */,
				E5A5D90F990AA7DECD21E7E2 /* Pods_Instagram_InstagramUITests.framework */,
				E53F862AA1C38728B8F33C6A /* Pods_InstagramTests.framework */,
			);
			name = Frameworks;
			sourceTree = "<group>";
		};
		C20B4ACEF8A6F5180B17AFCA /* Pods */ = {
			isa = PBXGroup;
			children = (
				69584E128C58A8B71B0F547C /* Pods-Instagram.debug.xcconfig */,
				74ACE113F4337D98083E065E /* Pods-Instagram.release.xcconfig */,
				C737A4666314229BA76B4CBA /* Pods-Instagram-InstagramUITests.debug.xcconfig */,
				88BDF792E5C7B351A789840C /* Pods-Instagram-InstagramUITests.release.xcconfig */,
				DB0F597ED28634430D9C273D /* Pods-InstagramTests.debug.xcconfig */,
				9107FB49E8A6CF838F67F145 /* Pods-InstagramTests.release.xcconfig */,
			);
			path = Pods;
			sourceTree = "<group>";
		};
		F89594BB25422F46009D6D42 = {
			isa = PBXGroup;
			children = (
				F89594C625422F46009D6D42 /* Instagram */,
				F89594DD25422F48009D6D42 /* InstagramTests */,
				F89594E825422F48009D6D42 /* InstagramUITests */,
				F89594C525422F46009D6D42 /* Products */,
				C20B4ACEF8A6F5180B17AFCA /* Pods */,
				9FB8D9FB69EEED9B5DC7A7C0 /* Frameworks */,
			);
			sourceTree = "<group>";
		};
		F89594C525422F46009D6D42 /* Products */ = {
			isa = PBXGroup;
			children = (
				F89594C425422F46009D6D42 /* Instagram.app */,
				F89594DA25422F48009D6D42 /* InstagramTests.xctest */,
				F89594E525422F48009D6D42 /* InstagramUITests.xctest */,
			);
			name = Products;
			sourceTree = "<group>";
		};
		F89594C625422F46009D6D42 /* Instagram */ = {
			isa = PBXGroup;
			children = (
				F89594C725422F46009D6D42 /* AppDelegate.swift */,
				F89594C925422F46009D6D42 /* SceneDelegate.swift */,
				F89594CD25422F46009D6D42 /* Main.storyboard */,
				F837A20D2544755D00D4CF9C /* PostCell.swift */,
				F81ACA122543F68F00412D44 /* CameraViewController.swift */,
				F895950E25424AE0009D6D42 /* FeedViewController.swift */,
				F895950925424ACB009D6D42 /* LoginViewController.swift */,
				F89594D025422F48009D6D42 /* Assets.xcassets */,
				F89594D225422F48009D6D42 /* LaunchScreen.storyboard */,
				F89594D525422F48009D6D42 /* Info.plist */,
				F8107C9E255067A40035DF0C /* commentCell.swift */,
			);
			path = Instagram;
			sourceTree = "<group>";
		};
		F89594DD25422F48009D6D42 /* InstagramTests */ = {
			isa = PBXGroup;
			children = (
				F89594DE25422F48009D6D42 /* InstagramTests.swift */,
				F89594E025422F48009D6D42 /* Info.plist */,
			);
			path = InstagramTests;
			sourceTree = "<group>";
		};
		F89594E825422F48009D6D42 /* InstagramUITests */ = {
			isa = PBXGroup;
			children = (
				F89594E925422F48009D6D42 /* InstagramUITests.swift */,
				F89594EB25422F48009D6D42 /* Info.plist */,
			);
			path = InstagramUITests;
			sourceTree = "<group>";
		};
/* End PBXGroup section */

/* Begin PBXNativeTarget section */
		F89594C325422F46009D6D42 /* Instagram */ = {
			isa = PBXNativeTarget;
			buildConfigurationList = F89594EE25422F48009D6D42 /* Build configuration list for PBXNativeTarget "Instagram" */;
			buildPhases = (
				CDB41DA7F84D08DE3A170FFE /* [CP] Check Pods Manifest.lock */,
				F89594C025422F46009D6D42 /* Sources */,
				F89594C125422F46009D6D42 /* Frameworks */,
				F89594C225422F46009D6D42 /* Resources */,
				56F0DCAD27098976611A906E /* [CP] Embed Pods Frameworks */,
			);
			buildRules = (
			);
			dependencies = (
			);
			name = Instagram;
			productName = Instagram;
			productReference = F89594C425422F46009D6D42 /* Instagram.app */;
			productType = "com.apple.product-type.application";
		};
		F89594D925422F48009D6D42 /* InstagramTests */ = {
			isa = PBXNativeTarget;
			buildConfigurationList = F89594F125422F48009D6D42 /* Build configuration list for PBXNativeTarget "InstagramTests" */;
			buildPhases = (
				71A14B42E152C4A84C1D3446 /* [CP] Check Pods Manifest.lock */,
				F89594D625422F48009D6D42 /* Sources */,
				F89594D725422F48009D6D42 /* Frameworks */,
				F89594D825422F48009D6D42 /* Resources */,
			);
			buildRules = (
			);
			dependencies = (
				F89594DC25422F48009D6D42 /* PBXTargetDependency */,
			);
			name = InstagramTests;
			productName = InstagramTests;
			productReference = F89594DA25422F48009D6D42 /* InstagramTests.xctest */;
			productType = "com.apple.product-type.bundle.unit-test";
		};
		F89594E425422F48009D6D42 /* InstagramUITests */ = {
			isa = PBXNativeTarget;
			buildConfigurationList = F89594F425422F48009D6D42 /* Build configuration list for PBXNativeTarget "InstagramUITests" */;
			buildPhases = (
				D9C07986EBB88907C56DF9CE /* [CP] Check Pods Manifest.lock */,
				F89594E125422F48009D6D42 /* Sources */,
				F89594E225422F48009D6D42 /* Frameworks */,
				F89594E325422F48009D6D42 /* Resources */,
				601B0DC54C717AF561652870 /* [CP] Embed Pods Frameworks */,
			);
			buildRules = (
			);
			dependencies = (
				F89594E725422F48009D6D42 /* PBXTargetDependency */,
			);
			name = InstagramUITests;
			productName = InstagramUITests;
			productReference = F89594E525422F48009D6D42 /* InstagramUITests.xctest */;
			productType = "com.apple.product-type.bundle.ui-testing";
		};
/* End PBXNativeTarget section */

/* Begin PBXProject section */
		F89594BC25422F46009D6D42 /* Project object */ = {
			isa = PBXProject;
			attributes = {
				LastSwiftUpdateCheck = 1200;
				LastUpgradeCheck = 1200;
				TargetAttributes = {
					F89594C325422F46009D6D42 = {
						CreatedOnToolsVersion = 12.0.1;
					};
					F89594D925422F48009D6D42 = {
						CreatedOnToolsVersion = 12.0.1;
						TestTargetID = F89594C325422F46009D6D42;
					};
					F89594E425422F48009D6D42 = {
						CreatedOnToolsVersion = 12.0.1;
						TestTargetID = F89594C325422F46009D6D42;
					};
				};
			};
			buildConfigurationList = F89594BF25422F46009D6D42 /* Build configuration list for PBXProject "Instagram" */;
			compatibilityVersion = "Xcode 9.3";
			developmentRegion = en;
			hasScannedForEncodings = 0;
			knownRegions = (
				en,
				Base,
			);
			mainGroup = F89594BB25422F46009D6D42;
			productRefGroup = F89594C525422F46009D6D42 /* Products */;
			projectDirPath = "";
			projectRoot = "";
			targets = (
				F89594C325422F46009D6D42 /* Instagram */,
				F89594D925422F48009D6D42 /* InstagramTests */,
				F89594E425422F48009D6D42 /* InstagramUITests */,
			);
		};
/* End PBXProject section */

/* Begin PBXResourcesBuildPhase section */
		F89594C225422F46009D6D42 /* Resources */ = {
			isa = PBXResourcesBuildPhase;
			buildActionMask = 2147483647;
			files = (
				F89594D425422F48009D6D42 /* LaunchScreen.storyboard in Resources */,
				F89594D125422F48009D6D42 /* Assets.xcassets in Resources */,
				F89594CF25422F46009D6D42 /* Main.storyboard in Resources */,
			);
			runOnlyForDeploymentPostprocessing = 0;
		};
		F89594D825422F48009D6D42 /* Resources */ = {
			isa = PBXResourcesBuildPhase;
			buildActionMask = 2147483647;
			files = (
			);
			runOnlyForDeploymentPostprocessing = 0;
		};
		F89594E325422F48009D6D42 /* Resources */ = {
			isa = PBXResourcesBuildPhase;
			buildActionMask = 2147483647;
			files = (
			);
			runOnlyForDeploymentPostprocessing = 0;
		};
/* End PBXResourcesBuildPhase section */

/* Begin PBXShellScriptBuildPhase section */
		56F0DCAD27098976611A906E /* [CP] Embed Pods Frameworks */ = {
			isa = PBXShellScriptBuildPhase;
			buildActionMask = 2147483647;
			files = (
			);
			inputFileListPaths = (
				"${PODS_ROOT}/Target Support Files/Pods-Instagram/Pods-Instagram-frameworks-${CONFIGURATION}-input-files.xcfilelist",
			);
			name = "[CP] Embed Pods Frameworks";
			outputFileListPaths = (
				"${PODS_ROOT}/Target Support Files/Pods-Instagram/Pods-Instagram-frameworks-${CONFIGURATION}-output-files.xcfilelist",
			);
			runOnlyForDeploymentPostprocessing = 0;
			shellPath = /bin/sh;
			shellScript = "\"${PODS_ROOT}/Target Support Files/Pods-Instagram/Pods-Instagram-frameworks.sh\"\n";
			showEnvVarsInLog = 0;
		};
		601B0DC54C717AF561652870 /* [CP] Embed Pods Frameworks */ = {
			isa = PBXShellScriptBuildPhase;
			buildActionMask = 2147483647;
			files = (
			);
			inputFileListPaths = (
				"${PODS_ROOT}/Target Support Files/Pods-Instagram-InstagramUITests/Pods-Instagram-InstagramUITests-frameworks-${CONFIGURATION}-input-files.xcfilelist",
			);
			name = "[CP] Embed Pods Frameworks";
			outputFileListPaths = (
				"${PODS_ROOT}/Target Support Files/Pods-Instagram-InstagramUITests/Pods-Instagram-InstagramUITests-frameworks-${CONFIGURATION}-output-files.xcfilelist",
			);
			runOnlyForDeploymentPostprocessing = 0;
			shellPath = /bin/sh;
			shellScript = "\"${PODS_ROOT}/Target Support Files/Pods-Instagram-InstagramUITests/Pods-Instagram-InstagramUITests-frameworks.sh\"\n";
			showEnvVarsInLog = 0;
		};
		71A14B42E152C4A84C1D3446 /* [CP] Check Pods Manifest.lock */ = {
			isa = PBXShellScriptBuildPhase;
			buildActionMask = 2147483647;
			files = (
			);
			inputFileListPaths = (
			);
			inputPaths = (
				"${PODS_PODFILE_DIR_PATH}/Podfile.lock",
				"${PODS_ROOT}/Manifest.lock",
			);
			name = "[CP] Check Pods Manifest.lock";
			outputFileListPaths = (
			);
			outputPaths = (
				"$(DERIVED_FILE_DIR)/Pods-InstagramTests-checkManifestLockResult.txt",
			);
			runOnlyForDeploymentPostprocessing = 0;
			shellPath = /bin/sh;
			shellScript = "diff \"${PODS_PODFILE_DIR_PATH}/Podfile.lock\" \"${PODS_ROOT}/Manifest.lock\" > /dev/null\nif [ $? != 0 ] ; then\n    # print error to STDERR\n    echo \"error: The sandbox is not in sync with the Podfile.lock. Run 'pod install' or update your CocoaPods installation.\" >&2\n    exit 1\nfi\n# This output is used by Xcode 'outputs' to avoid re-running this script phase.\necho \"SUCCESS\" > \"${SCRIPT_OUTPUT_FILE_0}\"\n";
			showEnvVarsInLog = 0;
		};
		CDB41DA7F84D08DE3A170FFE /* [CP] Check Pods Manifest.lock */ = {
			isa = PBXShellScriptBuildPhase;
			buildActionMask = 2147483647;
			files = (
			);
			inputFileListPaths = (
			);
			inputPaths = (
				"${PODS_PODFILE_DIR_PATH}/Podfile.lock",
				"${PODS_ROOT}/Manifest.lock",
			);
			name = "[CP] Check Pods Manifest.lock";
			outputFileListPaths = (
			);
			outputPaths = (
				"$(DERIVED_FILE_DIR)/Pods-Instagram-checkManifestLockResult.txt",
			);
			runOnlyForDeploymentPostprocessing = 0;
			shellPath = /bin/sh;
			shellScript = "diff \"${PODS_PODFILE_DIR_PATH}/Podfile.lock\" \"${PODS_ROOT}/Manifest.lock\" > /dev/null\nif [ $? != 0 ] ; then\n    # print error to STDERR\n    echo \"error: The sandbox is not in sync with the Podfile.lock. Run 'pod install' or update your CocoaPods installation.\" >&2\n    exit 1\nfi\n# This output is used by Xcode 'outputs' to avoid re-running this script phase.\necho \"SUCCESS\" > \"${SCRIPT_OUTPUT_FILE_0}\"\n";
			showEnvVarsInLog = 0;
		};
		D9C07986EBB88907C56DF9CE /* [CP] Check Pods Manifest.lock */ = {
			isa = PBXShellScriptBuildPhase;
			buildActionMask = 2147483647;
			files = (
			);
			inputFileListPaths = (
			);
			inputPaths = (
				"${PODS_PODFILE_DIR_PATH}/Podfile.lock",
				"${PODS_ROOT}/Manifest.lock",
			);
			name = "[CP] Check Pods Manifest.lock";
			outputFileListPaths = (
			);
			outputPaths = (
				"$(DERIVED_FILE_DIR)/Pods-Instagram-InstagramUITests-checkManifestLockResult.txt",
			);
			runOnlyForDeploymentPostprocessing = 0;
			shellPath = /bin/sh;
			shellScript = "diff \"${PODS_PODFILE_DIR_PATH}/Podfile.lock\" \"${PODS_ROOT}/Manifest.lock\" > /dev/null\nif [ $? != 0 ] ; then\n    # print error to STDERR\n    echo \"error: The sandbox is not in sync with the Podfile.lock. Run 'pod install' or update your CocoaPods installation.\" >&2\n    exit 1\nfi\n# This output is used by Xcode 'outputs' to avoid re-running this script phase.\necho \"SUCCESS\" > \"${SCRIPT_OUTPUT_FILE_0}\"\n";
			showEnvVarsInLog = 0;
		};
/* End PBXShellScriptBuildPhase section */

/* Begin PBXSourcesBuildPhase section */
		F89594C025422F46009D6D42 /* Sources */ = {
			isa = PBXSourcesBuildPhase;
			buildActionMask = 2147483647;
			files = (
				F895950A25424ACB009D6D42 /* LoginViewController.swift in Sources */,
				F8107C9F255067A40035DF0C /* commentCell.swift in Sources */,
				F81ACA132543F68F00412D44 /* CameraViewController.swift in Sources */,
				F89594C825422F46009D6D42 /* AppDelegate.swift in Sources */,
				F895950F25424AE0009D6D42 /* FeedViewController.swift in Sources */,
				F89594CA25422F46009D6D42 /* SceneDelegate.swift in Sources */,
				F837A20E2544755D00D4CF9C /* PostCell.swift in Sources */,
			);
			runOnlyForDeploymentPostprocessing = 0;
		};
		F89594D625422F48009D6D42 /* Sources */ = {
			isa = PBXSourcesBuildPhase;
			buildActionMask = 2147483647;
			files = (
				F89594DF25422F48009D6D42 /* InstagramTests.swift in Sources */,
			);
			runOnlyForDeploymentPostprocessing = 0;
		};
		F89594E125422F48009D6D42 /* Sources */ = {
			isa = PBXSourcesBuildPhase;
			buildActionMask = 2147483647;
			files = (
				F89594EA25422F48009D6D42 /* InstagramUITests.swift in Sources */,
			);
			runOnlyForDeploymentPostprocessing = 0;
		};
/* End PBXSourcesBuildPhase section */

/* Begin PBXTargetDependency section */
		F89594DC25422F48009D6D42 /* PBXTargetDependency */ = {
			isa = PBXTargetDependency;
			target = F89594C325422F46009D6D42 /* Instagram */;
			targetProxy = F89594DB25422F48009D6D42 /* PBXContainerItemProxy */;
		};
		F89594E725422F48009D6D42 /* PBXTargetDependency */ = {
			isa = PBXTargetDependency;
			target = F89594C325422F46009D6D42 /* Instagram */;
			targetProxy = F89594E625422F48009D6D42 /* PBXContainerItemProxy */;
		};
/* End PBXTargetDependency section */

/* Begin PBXVariantGroup section */
		F89594CD25422F46009D6D42 /* Main.storyboard */ = {
			isa = PBXVariantGroup;
			children = (
				F89594CE25422F46009D6D42 /* Base */,
			);
			name = Main.storyboard;
			sourceTree = "<group>";
		};
		F89594D225422F48009D6D42 /* LaunchScreen.storyboard */ = {
			isa = PBXVariantGroup;
			children = (
				F89594D325422F48009D6D42 /* Base */,
			);
			name = LaunchScreen.storyboard;
			sourceTree = "<group>";
		};
/* End PBXVariantGroup section */

/* Begin XCBuildConfiguration section */
		F89594EC25422F48009D6D42 /* Debug */ = {
			isa = XCBuildConfiguration;
			buildSettings = {
				ALWAYS_SEARCH_USER_PATHS = NO;
				CLANG_ANALYZER_NONNULL = YES;
				CLANG_ANALYZER_NUMBER_OBJECT_CONVERSION = YES_AGGRESSIVE;
				CLANG_CXX_LANGUAGE_STANDARD = "gnu++14";
				CLANG_CXX_LIBRARY = "libc++";
				CLANG_ENABLE_MODULES = YES;
				CLANG_ENABLE_OBJC_ARC = YES;
				CLANG_ENABLE_OBJC_WEAK = YES;
				CLANG_WARN_BLOCK_CAPTURE_AUTORELEASING = YES;
				CLANG_WARN_BOOL_CONVERSION = YES;
				CLANG_WARN_COMMA = YES;
				CLANG_WARN_CONSTANT_CONVERSION = YES;
				CLANG_WARN_DEPRECATED_OBJC_IMPLEMENTATIONS = YES;
				CLANG_WARN_DIRECT_OBJC_ISA_USAGE = YES_ERROR;
				CLANG_WARN_DOCUMENTATION_COMMENTS = YES;
				CLANG_WARN_EMPTY_BODY = YES;
				CLANG_WARN_ENUM_CONVERSION = YES;
				CLANG_WARN_INFINITE_RECURSION = YES;
				CLANG_WARN_INT_CONVERSION = YES;
				CLANG_WARN_NON_LITERAL_NULL_CONVERSION = YES;
				CLANG_WARN_OBJC_IMPLICIT_RETAIN_SELF = YES;
				CLANG_WARN_OBJC_LITERAL_CONVERSION = YES;
				CLANG_WARN_OBJC_ROOT_CLASS = YES_ERROR;
				CLANG_WARN_QUOTED_INCLUDE_IN_FRAMEWORK_HEADER = YES;
				CLANG_WARN_RANGE_LOOP_ANALYSIS = YES;
				CLANG_WARN_STRICT_PROTOTYPES = YES;
				CLANG_WARN_SUSPICIOUS_MOVE = YES;
				CLANG_WARN_UNGUARDED_AVAILABILITY = YES_AGGRESSIVE;
				CLANG_WARN_UNREACHABLE_CODE = YES;
				CLANG_WARN__DUPLICATE_METHOD_MATCH = YES;
				COPY_PHASE_STRIP = NO;
				DEBUG_INFORMATION_FORMAT = dwarf;
				ENABLE_STRICT_OBJC_MSGSEND = YES;
				ENABLE_TESTABILITY = YES;
				GCC_C_LANGUAGE_STANDARD = gnu11;
				GCC_DYNAMIC_NO_PIC = NO;
				GCC_NO_COMMON_BLOCKS = YES;
				GCC_OPTIMIZATION_LEVEL = 0;
				GCC_PREPROCESSOR_DEFINITIONS = (
					"DEBUG=1",
					"$(inherited)",
				);
				GCC_WARN_64_TO_32_BIT_CONVERSION = YES;
				GCC_WARN_ABOUT_RETURN_TYPE = YES_ERROR;
				GCC_WARN_UNDECLARED_SELECTOR = YES;
				GCC_WARN_UNINITIALIZED_AUTOS = YES_AGGRESSIVE;
				GCC_WARN_UNUSED_FUNCTION = YES;
				GCC_WARN_UNUSED_VARIABLE = YES;
				IPHONEOS_DEPLOYMENT_TARGET = 14.0;
				MTL_ENABLE_DEBUG_INFO = INCLUDE_SOURCE;
				MTL_FAST_MATH = YES;
				ONLY_ACTIVE_ARCH = YES;
				SDKROOT = iphoneos;
				SWIFT_ACTIVE_COMPILATION_CONDITIONS = DEBUG;
				SWIFT_OPTIMIZATION_LEVEL = "-Onone";
			};
			name = Debug;
		};
		F89594ED25422F48009D6D42 /* Release */ = {
			isa = XCBuildConfiguration;
			buildSettings = {
				ALWAYS_SEARCH_USER_PATHS = NO;
				CLANG_ANALYZER_NONNULL = YES;
				CLANG_ANALYZER_NUMBER_OBJECT_CONVERSION = YES_AGGRESSIVE;
				CLANG_CXX_LANGUAGE_STANDARD = "gnu++14";
				CLANG_CXX_LIBRARY = "libc++";
				CLANG_ENABLE_MODULES = YES;
				CLANG_ENABLE_OBJC_ARC = YES;
				CLANG_ENABLE_OBJC_WEAK = YES;
				CLANG_WARN_BLOCK_CAPTURE_AUTORELEASING = YES;
				CLANG_WARN_BOOL_CONVERSION = YES;
				CLANG_WARN_COMMA = YES;
				CLANG_WARN_CONSTANT_CONVERSION = YES;
				CLANG_WARN_DEPRECATED_OBJC_IMPLEMENTATIONS = YES;
				CLANG_WARN_DIRECT_OBJC_ISA_USAGE = YES_ERROR;
				CLANG_WARN_DOCUMENTATION_COMMENTS = YES;
				CLANG_WARN_EMPTY_BODY = YES;
				CLANG_WARN_ENUM_CONVERSION = YES;
				CLANG_WARN_INFINITE_RECURSION = YES;
				CLANG_WARN_INT_CONVERSION = YES;
				CLANG_WARN_NON_LITERAL_NULL_CONVERSION = YES;
				CLANG_WARN_OBJC_IMPLICIT_RETAIN_SELF = YES;
				CLANG_WARN_OBJC_LITERAL_CONVERSION = YES;
				CLANG_WARN_OBJC_ROOT_CLASS = YES_ERROR;
				CLANG_WARN_QUOTED_INCLUDE_IN_FRAMEWORK_HEADER = YES;
				CLANG_WARN_RANGE_LOOP_ANALYSIS = YES;
				CLANG_WARN_STRICT_PROTOTYPES = YES;
				CLANG_WARN_SUSPICIOUS_MOVE = YES;
				CLANG_WARN_UNGUARDED_AVAILABILITY = YES_AGGRESSIVE;
				CLANG_WARN_UNREACHABLE_CODE = YES;
				CLANG_WARN__DUPLICATE_METHOD_MATCH = YES;
				COPY_PHASE_STRIP = NO;
				DEBUG_INFORMATION_FORMAT = "dwarf-with-dsym";
				ENABLE_NS_ASSERTIONS = NO;
				ENABLE_STRICT_OBJC_MSGSEND = YES;
				GCC_C_LANGUAGE_STANDARD = gnu11;
				GCC_NO_COMMON_BLOCKS = YES;
				GCC_WARN_64_TO_32_BIT_CONVERSION = YES;
				GCC_WARN_ABOUT_RETURN_TYPE = YES_ERROR;
				GCC_WARN_UNDECLARED_SELECTOR = YES;
				GCC_WARN_UNINITIALIZED_AUTOS = YES_AGGRESSIVE;
				GCC_WARN_UNUSED_FUNCTION = YES;
				GCC_WARN_UNUSED_VARIABLE = YES;
				IPHONEOS_DEPLOYMENT_TARGET = 14.0;
				MTL_ENABLE_DEBUG_INFO = NO;
				MTL_FAST_MATH = YES;
				SDKROOT = iphoneos;
				SWIFT_COMPILATION_MODE = wholemodule;
				SWIFT_OPTIMIZATION_LEVEL = "-O";
				VALIDATE_PRODUCT = YES;
			};
			name = Release;
		};
		F89594EF25422F48009D6D42 /* Debug */ = {
			isa = XCBuildConfiguration;
			baseConfigurationReference = 69584E128C58A8B71B0F547C /* Pods-Instagram.debug.xcconfig */;
			buildSettings = {
				ASSETCATALOG_COMPILER_APPICON_NAME = AppIcon;
				ASSETCATALOG_COMPILER_GLOBAL_ACCENT_COLOR_NAME = AccentColor;
				CODE_SIGN_STYLE = Automatic;
				DEVELOPMENT_TEAM = F4387CU2W5;
				INFOPLIST_FILE = Instagram/Info.plist;
				LD_RUNPATH_SEARCH_PATHS = (
					"$(inherited)",
					"@executable_path/Frameworks",
				);
				PRODUCT_BUNDLE_IDENTIFIER = "mitchellasdf-gmail.com.Instagram";
				PRODUCT_NAME = "$(TARGET_NAME)";
				SWIFT_VERSION = 5.0;
				TARGETED_DEVICE_FAMILY = "1,2";
			};
			name = Debug;
		};
		F89594F025422F48009D6D42 /* Release */ = {
			isa = XCBuildConfiguration;
			baseConfigurationReference = 74ACE113F4337D98083E065E /* Pods-Instagram.release.xcconfig */;
			buildSettings = {
				ASSETCATALOG_COMPILER_APPICON_NAME = AppIcon;
				ASSETCATALOG_COMPILER_GLOBAL_ACCENT_COLOR_NAME = AccentColor;
				CODE_SIGN_STYLE = Automatic;
				DEVELOPMENT_TEAM = F4387CU2W5;
				INFOPLIST_FILE = Instagram/Info.plist;
				LD_RUNPATH_SEARCH_PATHS = (
					"$(inherited)",
					"@executable_path/Frameworks",
				);
				PRODUCT_BUNDLE_IDENTIFIER = "mitchellasdf-gmail.com.Instagram";
				PRODUCT_NAME = "$(TARGET_NAME)";
				SWIFT_VERSION = 5.0;
				TARGETED_DEVICE_FAMILY = "1,2";
			};
			name = Release;
		};
		F89594F225422F48009D6D42 /* Debug */ = {
			isa = XCBuildConfiguration;
			baseConfigurationReference = DB0F597ED28634430D9C273D /* Pods-InstagramTests.debug.xcconfig */;
			buildSettings = {
				ALWAYS_EMBED_SWIFT_STANDARD_LIBRARIES = YES;
				BUNDLE_LOADER = "$(TEST_HOST)";
				CODE_SIGN_STYLE = Automatic;
				DEVELOPMENT_TEAM = F4387CU2W5;
				INFOPLIST_FILE = InstagramTests/Info.plist;
				IPHONEOS_DEPLOYMENT_TARGET = 14.0;
				LD_RUNPATH_SEARCH_PATHS = (
					"$(inherited)",
					"@executable_path/Frameworks",
					"@loader_path/Frameworks",
				);
				PRODUCT_BUNDLE_IDENTIFIER = "mitchellasdf-gmail.com.InstagramTests";
				PRODUCT_NAME = "$(TARGET_NAME)";
				SWIFT_VERSION = 5.0;
				TARGETED_DEVICE_FAMILY = "1,2";
				TEST_HOST = "$(BUILT_PRODUCTS_DIR)/Instagram.app/Instagram";
			};
			name = Debug;
		};
		F89594F325422F48009D6D42 /* Release */ = {
			isa = XCBuildConfiguration;
			baseConfigurationReference = 9107FB49E8A6CF838F67F145 /* Pods-InstagramTests.release.xcconfig */;
			buildSettings = {
				ALWAYS_EMBED_SWIFT_STANDARD_LIBRARIES = YES;
				BUNDLE_LOADER = "$(TEST_HOST)";
				CODE_SIGN_STYLE = Automatic;
				DEVELOPMENT_TEAM = F4387CU2W5;
				INFOPLIST_FILE = InstagramTests/Info.plist;
				IPHONEOS_DEPLOYMENT_TARGET = 14.0;
				LD_RUNPATH_SEARCH_PATHS = (
					"$(inherited)",
					"@executable_path/Frameworks",
					"@loader_path/Frameworks",
				);
				PRODUCT_BUNDLE_IDENTIFIER = "mitchellasdf-gmail.com.InstagramTests";
				PRODUCT_NAME = "$(TARGET_NAME)";
				SWIFT_VERSION = 5.0;
				TARGETED_DEVICE_FAMILY = "1,2";
				TEST_HOST = "$(BUILT_PRODUCTS_DIR)/Instagram.app/Instagram";
			};
			name = Release;
		};
		F89594F525422F48009D6D42 /* Debug */ = {
			isa = XCBuildConfiguration;
			baseConfigurationReference = C737A4666314229BA76B4CBA /* Pods-Instagram-InstagramUITests.debug.xcconfig */;
			buildSettings = {
				ALWAYS_EMBED_SWIFT_STANDARD_LIBRARIES = YES;
				CODE_SIGN_STYLE = Automatic;
				DEVELOPMENT_TEAM = F4387CU2W5;
				INFOPLIST_FILE = InstagramUITests/Info.plist;
				LD_RUNPATH_SEARCH_PATHS = (
					"$(inherited)",
					"@executable_path/Frameworks",
					"@loader_path/Frameworks",
				);
				PRODUCT_BUNDLE_IDENTIFIER = "mitchellasdf-gmail.com.InstagramUITests";
				PRODUCT_NAME = "$(TARGET_NAME)";
				SWIFT_VERSION = 5.0;
				TARGETED_DEVICE_FAMILY = "1,2";
				TEST_TARGET_NAME = Instagram;
			};
			name = Debug;
		};
		F89594F625422F48009D6D42 /* Release */ = {
			isa = XCBuildConfiguration;
			baseConfigurationReference = 88BDF792E5C7B351A789840C /* Pods-Instagram-InstagramUITests.release.xcconfig */;
			buildSettings = {
				ALWAYS_EMBED_SWIFT_STANDARD_LIBRARIES = YES;
				CODE_SIGN_STYLE = Automatic;
				DEVELOPMENT_TEAM = F4387CU2W5;
				INFOPLIST_FILE = InstagramUITests/Info.plist;
				LD_RUNPATH_SEARCH_PATHS = (
					"$(inherited)",
					"@executable_path/Frameworks",
					"@loader_path/Frameworks",
				);
				PRODUCT_BUNDLE_IDENTIFIER = "mitchellasdf-gmail.com.InstagramUITests";
				PRODUCT_NAME = "$(TARGET_NAME)";
				SWIFT_VERSION = 5.0;
				TARGETED_DEVICE_FAMILY = "1,2";
				TEST_TARGET_NAME = Instagram;
			};
			name = Release;
		};
/* End XCBuildConfiguration section */

/* Begin XCConfigurationList section */
		F89594BF25422F46009D6D42 /* Build configuration list for PBXProject "Instagram" */ = {
			isa = XCConfigurationList;
			buildConfigurations = (
				F89594EC25422F48009D6D42 /* Debug */,
				F89594ED25422F48009D6D42 /* Release */,
			);
			defaultConfigurationIsVisible = 0;
			defaultConfigurationName = Release;
		};
		F89594EE25422F48009D6D42 /* Build configuration list for PBXNativeTarget "Instagram" */ = {
			isa = XCConfigurationList;
			buildConfigurations = (
				F89594EF25422F48009D6D42 /* Debug */,
				F89594F025422F48009D6D42 /* Release */,
			);
			defaultConfigurationIsVisible = 0;
			defaultConfigurationName = Release;
		};
		F89594F125422F48009D6D42 /* Build configuration list for PBXNativeTarget "InstagramTests" */ = {
			isa = XCConfigurationList;
			buildConfigurations = (
				F89594F225422F48009D6D42 /* Debug */,
				F89594F325422F48009D6D42 /* Release */,
			);
			defaultConfigurationIsVisible = 0;
			defaultConfigurationName = Release;
		};
		F89594F425422F48009D6D42 /* Build configuration list for PBXNativeTarget "InstagramUITests" */ = {
			isa = XCConfigurationList;
			buildConfigurations = (
				F89594F525422F48009D6D42 /* Debug */,
				F89594F625422F48009D6D42 /* Release */,
			);
			defaultConfigurationIsVisible = 0;
			defaultConfigurationName = Release;
		};
/* End XCConfigurationList section */
	};
	rootObject = F89594BC25422F46009D6D42 /* Project object */;
}
